// !$*UTF8*$!
{
	archiveVersion = 1;
	classes = {
	};
	objectVersion = 56;
	objects = {

/* Begin PBXBuildFile section */
		BD4B68A42A869EEE0003F824 /* questionsappApp.swift in Sources */ = {isa = PBXBuildFile; fileRef = BD4B68A32A869EEE0003F824 /* questionsappApp.swift */; };
		BD4B68A62A869EEE0003F824 /* ContentView.swift in Sources */ = {isa = PBXBuildFile; fileRef = BD4B68A52A869EEE0003F824 /* ContentView.swift */; };
		BD4B68A82A869EF00003F824 /* Assets.xcassets in Resources */ = {isa = PBXBuildFile; fileRef = BD4B68A72A869EF00003F824 /* Assets.xcassets */; };
		BD4B68AB2A869EF00003F824 /* Preview Assets.xcassets in Resources */ = {isa = PBXBuildFile; fileRef = BD4B68AA2A869EF00003F824 /* Preview Assets.xcassets */; };
		BD4B68B52A869EF00003F824 /* questionsappTests.swift in Sources */ = {isa = PBXBuildFile; fileRef = BD4B68B42A869EF00003F824 /* questionsappTests.swift */; };
		BD4B68BF2A869EF00003F824 /* questionsappUITests.swift in Sources */ = {isa = PBXBuildFile; fileRef = BD4B68BE2A869EF00003F824 /* questionsappUITests.swift */; };
		BD4B68C12A869EF00003F824 /* questionsappUITestsLaunchTests.swift in Sources */ = {isa = PBXBuildFile; fileRef = BD4B68C02A869EF00003F824 /* questionsappUITestsLaunchTests.swift */; };
/* End PBXBuildFile section */

/* Begin PBXContainerItemProxy section */
		BD4B68B12A869EF00003F824 /* PBXContainerItemProxy */ = {
			isa = PBXContainerItemProxy;
			containerPortal = BD4B68982A869EEE0003F824 /* Project object */;
			proxyType = 1;
			remoteGlobalIDString = BD4B689F2A869EEE0003F824;
			remoteInfo = questionsapp;
		};
		BD4B68BB2A869EF00003F824 /* PBXContainerItemProxy */ = {
			isa = PBXContainerItemProxy;
			containerPortal = BD4B68982A869EEE0003F824 /* Project object */;
			proxyType = 1;
			remoteGlobalIDString = BD4B689F2A869EEE0003F824;
			remoteInfo = questionsapp;
		};
/* End PBXContainerItemProxy section */

/* Begin PBXFileReference section */
		BD4B68A02A869EEE0003F824 /* questionsapp.app */ = {isa = PBXFileReference; explicitFileType = wrapper.application; includeInIndex = 0; path = questionsapp.app; sourceTree = BUILT_PRODUCTS_DIR; };
		BD4B68A32A869EEE0003F824 /* questionsappApp.swift */ = {isa = PBXFileReference; lastKnownFileType = sourcecode.swift; path = questionsappApp.swift; sourceTree = "<group>"; };
		BD4B68A52A869EEE0003F824 /* ContentView.swift */ = {isa = PBXFileReference; lastKnownFileType = sourcecode.swift; path = ContentView.swift; sourceTree = "<group>"; };
		BD4B68A72A869EF00003F824 /* Assets.xcassets */ = {isa = PBXFileReference; lastKnownFileType = folder.assetcatalog; path = Assets.xcassets; sourceTree = "<group>"; };
		BD4B68AA2A869EF00003F824 /* Preview Assets.xcassets */ = {isa = PBXFileReference; lastKnownFileType = folder.assetcatalog; path = "Preview Assets.xcassets"; sourceTree = "<group>"; };
		BD4B68B02A869EF00003F824 /* questionsappTests.xctest */ = {isa = PBXFileReference; explicitFileType = wrapper.cfbundle; includeInIndex = 0; path = questionsappTests.xctest; sourceTree = BUILT_PRODUCTS_DIR; };
		BD4B68B42A869EF00003F824 /* questionsappTests.swift */ = {isa = PBXFileReference; lastKnownFileType = sourcecode.swift; path = questionsappTests.swift; sourceTree = "<group>"; };
		BD4B68BA2A869EF00003F824 /* questionsappUITests.xctest */ = {isa = PBXFileReference; explicitFileType = wrapper.cfbundle; includeInIndex = 0; path = questionsappUITests.xctest; sourceTree = BUILT_PRODUCTS_DIR; };
		BD4B68BE2A869EF00003F824 /* questionsappUITests.swift */ = {isa = PBXFileReference; lastKnownFileType = sourcecode.swift; path = questionsappUITests.swift; sourceTree = "<group>"; };
		BD4B68C02A869EF00003F824 /* questionsappUITestsLaunchTests.swift */ = {isa = PBXFileReference; lastKnownFileType = sourcecode.swift; path = questionsappUITestsLaunchTests.swift; sourceTree = "<group>"; };
/* End PBXFileReference section */

/* Begin PBXFrameworksBuildPhase section */
		BD4B689D2A869EEE0003F824 /* Frameworks */ = {
			isa = PBXFrameworksBuildPhase;
			buildActionMask = 2147483647;
			files = (
			);
			runOnlyForDeploymentPostprocessing = 0;
		};
		BD4B68AD2A869EF00003F824 /* Frameworks */ = {
			isa = PBXFrameworksBuildPhase;
			buildActionMask = 2147483647;
			files = (
			);
			runOnlyForDeploymentPostprocessing = 0;
		};
		BD4B68B72A869EF00003F824 /* Frameworks */ = {
			isa = PBXFrameworksBuildPhase;
			buildActionMask = 2147483647;
			files = (
			);
			runOnlyForDeploymentPostprocessing = 0;
		};
/* End PBXFrameworksBuildPhase section */

/* Begin PBXGroup section */
		BD4B68972A869EEE0003F824 = {
			isa = PBXGroup;
			children = (
				BD4B68A22A869EEE0003F824 /* questionsapp */,
				BD4B68B32A869EF00003F824 /* questionsappTests */,
				BD4B68BD2A869EF00003F824 /* questionsappUITests */,
				BD4B68A12A869EEE0003F824 /* Products */,
			);
			sourceTree = "<group>";
		};
		BD4B68A12A869EEE0003F824 /* Products */ = {
			isa = PBXGroup;
			children = (
				BD4B68A02A869EEE0003F824 /* questionsapp.app */,
				BD4B68B02A869EF00003F824 /* questionsappTests.xctest */,
				BD4B68BA2A869EF00003F824 /* questionsappUITests.xctest */,
			);
			name = Products;
			sourceTree = "<group>";
		};
		BD4B68A22A869EEE0003F824 /* questionsapp */ = {
			isa = PBXGroup;
			children = (
				BD4B68A32A869EEE0003F824 /* questionsappApp.swift */,
				BD4B68A52A869EEE0003F824 /* ContentView.swift */,
				BD4B68A72A869EF00003F824 /* Assets.xcassets */,
				BD4B68A92A869EF00003F824 /* Preview Content */,
			);
			path = questionsapp;
			sourceTree = "<group>";
		};
		BD4B68A92A869EF00003F824 /* Preview Content */ = {
			isa = PBXGroup;
			children = (
				BD4B68AA2A869EF00003F824 /* Preview Assets.xcassets */,
			);
			path = "Preview Content";
			sourceTree = "<group>";
		};
		BD4B68B32A869EF00003F824 /* questionsappTests */ = {
			isa = PBXGroup;
			children = (
				BD4B68B42A869EF00003F824 /* questionsappTests.swift */,
			);
			path = questionsappTests;
			sourceTree = "<group>";
		};
		BD4B68BD2A869EF00003F824 /* questionsappUITests */ = {
			isa = PBXGroup;
			children = (
				BD4B68BE2A869EF00003F824 /* questionsappUITests.swift */,
				BD4B68C02A869EF00003F824 /* questionsappUITestsLaunchTests.swift */,
			);
			path = questionsappUITests;
			sourceTree = "<group>";
		};
/* End PBXGroup section */

/* Begin PBXNativeTarget section */
		BD4B689F2A869EEE0003F824 /* questionsapp */ = {
			isa = PBXNativeTarget;
			buildConfigurationList = BD4B68C42A869EF00003F824 /* Build configuration list for PBXNativeTarget "questionsapp" */;
			buildPhases = (
				BD4B689C2A869EEE0003F824 /* Sources */,
				BD4B689D2A869EEE0003F824 /* Frameworks */,
				BD4B689E2A869EEE0003F824 /* Resources */,
			);
			buildRules = (
			);
			dependencies = (
			);
			name = questionsapp;
			productName = questionsapp;
			productReference = BD4B68A02A869EEE0003F824 /* questionsapp.app */;
			productType = "com.apple.product-type.application";
		};
		BD4B68AF2A869EF00003F824 /* questionsappTests */ = {
			isa = PBXNativeTarget;
			buildConfigurationList = BD4B68C72A869EF00003F824 /* Build configuration list for PBXNativeTarget "questionsappTests" */;
			buildPhases = (
				BD4B68AC2A869EF00003F824 /* Sources */,
				BD4B68AD2A869EF00003F824 /* Frameworks */,
				BD4B68AE2A869EF00003F824 /* Resources */,
			);
			buildRules = (
			);
			dependencies = (
				BD4B68B22A869EF00003F824 /* PBXTargetDependency */,
			);
			name = questionsappTests;
			productName = questionsappTests;
			productReference = BD4B68B02A869EF00003F824 /* questionsappTests.xctest */;
			productType = "com.apple.product-type.bundle.unit-test";
		};
		BD4B68B92A869EF00003F824 /* questionsappUITests */ = {
			isa = PBXNativeTarget;
			buildConfigurationList = BD4B68CA2A869EF00003F824 /* Build configuration list for PBXNativeTarget "questionsappUITests" */;
			buildPhases = (
				BD4B68B62A869EF00003F824 /* Sources */,
				BD4B68B72A869EF00003F824 /* Frameworks */,
				BD4B68B82A869EF00003F824 /* Resources */,
			);
			buildRules = (
			);
			dependencies = (
				BD4B68BC2A869EF00003F824 /* PBXTargetDependency */,
			);
			name = questionsappUITests;
			productName = questionsappUITests;
			productReference = BD4B68BA2A869EF00003F824 /* questionsappUITests.xctest */;
			productType = "com.apple.product-type.bundle.ui-testing";
		};
/* End PBXNativeTarget section */

/* Begin PBXProject section */
		BD4B68982A869EEE0003F824 /* Project object */ = {
			isa = PBXProject;
			attributes = {
				BuildIndependentTargetsInParallel = 1;
				LastSwiftUpdateCheck = 1430;
				LastUpgradeCheck = 1430;
				TargetAttributes = {
					BD4B689F2A869EEE0003F824 = {
						CreatedOnToolsVersion = 14.3.1;
					};
					BD4B68AF2A869EF00003F824 = {
						CreatedOnToolsVersion = 14.3.1;
						TestTargetID = BD4B689F2A869EEE0003F824;
					};
					BD4B68B92A869EF00003F824 = {
						CreatedOnToolsVersion = 14.3.1;
						TestTargetID = BD4B689F2A869EEE0003F824;
					};
				};
			};
			buildConfigurationList = BD4B689B2A869EEE0003F824 /* Build configuration list for PBXProject "questionsapp" */;
			compatibilityVersion = "Xcode 14.0";
			developmentRegion = en;
			hasScannedForEncodings = 0;
			knownRegions = (
				en,
				Base,
			);
			mainGroup = BD4B68972A869EEE0003F824;
			productRefGroup = BD4B68A12A869EEE0003F824 /* Products */;
			projectDirPath = "";
			projectRoot = "";
			targets = (
				BD4B689F2A869EEE0003F824 /* questionsapp */,
				BD4B68AF2A869EF00003F824 /* questionsappTests */,
				BD4B68B92A869EF00003F824 /* questionsappUITests */,
			);
		};
/* End PBXProject section */

/* Begin PBXResourcesBuildPhase section */
		BD4B689E2A869EEE0003F824 /* Resources */ = {
			isa = PBXResourcesBuildPhase;
			buildActionMask = 2147483647;
			files = (
				BD4B68AB2A869EF00003F824 /* Preview Assets.xcassets in Resources */,
				BD4B68A82A869EF00003F824 /* Assets.xcassets in Resources */,
			);
			runOnlyForDeploymentPostprocessing = 0;
		};
		BD4B68AE2A869EF00003F824 /* Resources */ = {
			isa = PBXResourcesBuildPhase;
			buildActionMask = 2147483647;
			files = (
			);
			runOnlyForDeploymentPostprocessing = 0;
		};
		BD4B68B82A869EF00003F824 /* Resources */ = {
			isa = PBXResourcesBuildPhase;
			buildActionMask = 2147483647;
			files = (
			);
			runOnlyForDeploymentPostprocessing = 0;
		};
/* End PBXResourcesBuildPhase section */

/* Begin PBXSourcesBuildPhase section */
		BD4B689C2A869EEE0003F824 /* Sources */ = {
			isa = PBXSourcesBuildPhase;
			buildActionMask = 2147483647;
			files = (
				BD4B68A62A869EEE0003F824 /* ContentView.swift in Sources */,
				BD4B68A42A869EEE0003F824 /* questionsappApp.swift in Sources */,
			);
			runOnlyForDeploymentPostprocessing = 0;
		};
		BD4B68AC2A869EF00003F824 /* Sources */ = {
			isa = PBXSourcesBuildPhase;
			buildActionMask = 2147483647;
			files = (
				BD4B68B52A869EF00003F824 /* questionsappTests.swift in Sources */,
			);
			runOnlyForDeploymentPostprocessing = 0;
		};
		BD4B68B62A869EF00003F824 /* Sources */ = {
			isa = PBXSourcesBuildPhase;
			buildActionMask = 2147483647;
			files = (
				BD4B68C12A869EF00003F824 /* questionsappUITestsLaunchTests.swift in Sources */,
				BD4B68BF2A869EF00003F824 /* questionsappUITests.swift in Sources */,
			);
			runOnlyForDeploymentPostprocessing = 0;
		};
/* End PBXSourcesBuildPhase section */

/* Begin PBXTargetDependency section */
		BD4B68B22A869EF00003F824 /* PBXTargetDependency */ = {
			isa = PBXTargetDependency;
			target = BD4B689F2A869EEE0003F824 /* questionsapp */;
			targetProxy = BD4B68B12A869EF00003F824 /* PBXContainerItemProxy */;
		};
		BD4B68BC2A869EF00003F824 /* PBXTargetDependency */ = {
			isa = PBXTargetDependency;
			target = BD4B689F2A869EEE0003F824 /* questionsapp */;
			targetProxy = BD4B68BB2A869EF00003F824 /* PBXContainerItemProxy */;
		};
/* End PBXTargetDependency section */

/* Begin XCBuildConfiguration section */
		BD4B68C22A869EF00003F824 /* Debug */ = {
			isa = XCBuildConfiguration;
			buildSettings = {
				ALWAYS_SEARCH_USER_PATHS = NO;
				CLANG_ANALYZER_NONNULL = YES;
				CLANG_ANALYZER_NUMBER_OBJECT_CONVERSION = YES_AGGRESSIVE;
				CLANG_CXX_LANGUAGE_STANDARD = "gnu++20";
				CLANG_ENABLE_MODULES = YES;
				CLANG_ENABLE_OBJC_ARC = YES;
				CLANG_ENABLE_OBJC_WEAK = YES;
				CLANG_WARN_BLOCK_CAPTURE_AUTORELEASING = YES;
				CLANG_WARN_BOOL_CONVERSION = YES;
				CLANG_WARN_COMMA = YES;
				CLANG_WARN_CONSTANT_CONVERSION = YES;
				CLANG_WARN_DEPRECATED_OBJC_IMPLEMENTATIONS = YES;
				CLANG_WARN_DIRECT_OBJC_ISA_USAGE = YES_ERROR;
				CLANG_WARN_DOCUMENTATION_COMMENTS = YES;
				CLANG_WARN_EMPTY_BODY = YES;
				CLANG_WARN_ENUM_CONVERSION = YES;
				CLANG_WARN_INFINITE_RECURSION = YES;
				CLANG_WARN_INT_CONVERSION = YES;
				CLANG_WARN_NON_LITERAL_NULL_CONVERSION = YES;
				CLANG_WARN_OBJC_IMPLICIT_RETAIN_SELF = YES;
				CLANG_WARN_OBJC_LITERAL_CONVERSION = YES;
				CLANG_WARN_OBJC_ROOT_CLASS = YES_ERROR;
				CLANG_WARN_QUOTED_INCLUDE_IN_FRAMEWORK_HEADER = YES;
				CLANG_WARN_RANGE_LOOP_ANALYSIS = YES;
				CLANG_WARN_STRICT_PROTOTYPES = YES;
				CLANG_WARN_SUSPICIOUS_MOVE = YES;
				CLANG_WARN_UNGUARDED_AVAILABILITY = YES_AGGRESSIVE;
				CLANG_WARN_UNREACHABLE_CODE = YES;
				CLANG_WARN__DUPLICATE_METHOD_MATCH = YES;
				COPY_PHASE_STRIP = NO;
				DEBUG_INFORMATION_FORMAT = dwarf;
				ENABLE_STRICT_OBJC_MSGSEND = YES;
				ENABLE_TESTABILITY = YES;
				GCC_C_LANGUAGE_STANDARD = gnu11;
				GCC_DYNAMIC_NO_PIC = NO;
				GCC_NO_COMMON_BLOCKS = YES;
				GCC_OPTIMIZATION_LEVEL = 0;
				GCC_PREPROCESSOR_DEFINITIONS = (
					"DEBUG=1",
					"$(inherited)",
				);
				GCC_WARN_64_TO_32_BIT_CONVERSION = YES;
				GCC_WARN_ABOUT_RETURN_TYPE = YES_ERROR;
				GCC_WARN_UNDECLARED_SELECTOR = YES;
				GCC_WARN_UNINITIALIZED_AUTOS = YES_AGGRESSIVE;
				GCC_WARN_UNUSED_FUNCTION = YES;
				GCC_WARN_UNUSED_VARIABLE = YES;
				IPHONEOS_DEPLOYMENT_TARGET = 16.4;
				MTL_ENABLE_DEBUG_INFO = INCLUDE_SOURCE;
				MTL_FAST_MATH = YES;
				ONLY_ACTIVE_ARCH = YES;
				SDKROOT = iphoneos;
				SWIFT_ACTIVE_COMPILATION_CONDITIONS = DEBUG;
				SWIFT_OPTIMIZATION_LEVEL = "-Onone";
			};
			name = Debug;
		};
		BD4B68C32A869EF00003F824 /* Release */ = {
			isa = XCBuildConfiguration;
			buildSettings = {
				ALWAYS_SEARCH_USER_PATHS = NO;
				CLANG_ANALYZER_NONNULL = YES;
				CLANG_ANALYZER_NUMBER_OBJECT_CONVERSION = YES_AGGRESSIVE;
				CLANG_CXX_LANGUAGE_STANDARD = "gnu++20";
				CLANG_ENABLE_MODULES = YES;
				CLANG_ENABLE_OBJC_ARC = YES;
				CLANG_ENABLE_OBJC_WEAK = YES;
				CLANG_WARN_BLOCK_CAPTURE_AUTORELEASING = YES;
				CLANG_WARN_BOOL_CONVERSION = YES;
				CLANG_WARN_COMMA = YES;
				CLANG_WARN_CONSTANT_CONVERSION = YES;
				CLANG_WARN_DEPRECATED_OBJC_IMPLEMENTATIONS = YES;
				CLANG_WARN_DIRECT_OBJC_ISA_USAGE = YES_ERROR;
				CLANG_WARN_DOCUMENTATION_COMMENTS = YES;
				CLANG_WARN_EMPTY_BODY = YES;
				CLANG_WARN_ENUM_CONVERSION = YES;
				CLANG_WARN_INFINITE_RECURSION = YES;
				CLANG_WARN_INT_CONVERSION = YES;
				CLANG_WARN_NON_LITERAL_NULL_CONVERSION = YES;
				CLANG_WARN_OBJC_IMPLICIT_RETAIN_SELF = YES;
				CLANG_WARN_OBJC_LITERAL_CONVERSION = YES;
				CLANG_WARN_OBJC_ROOT_CLASS = YES_ERROR;
				CLANG_WARN_QUOTED_INCLUDE_IN_FRAMEWORK_HEADER = YES;
				CLANG_WARN_RANGE_LOOP_ANALYSIS = YES;
				CLANG_WARN_STRICT_PROTOTYPES = YES;
				CLANG_WARN_SUSPICIOUS_MOVE = YES;
				CLANG_WARN_UNGUARDED_AVAILABILITY = YES_AGGRESSIVE;
				CLANG_WARN_UNREACHABLE_CODE = YES;
				CLANG_WARN__DUPLICATE_METHOD_MATCH = YES;
				COPY_PHASE_STRIP = NO;
				DEBUG_INFORMATION_FORMAT = "dwarf-with-dsym";
				ENABLE_NS_ASSERTIONS = NO;
				ENABLE_STRICT_OBJC_MSGSEND = YES;
				GCC_C_LANGUAGE_STANDARD = gnu11;
				GCC_NO_COMMON_BLOCKS = YES;
				GCC_WARN_64_TO_32_BIT_CONVERSION = YES;
				GCC_WARN_ABOUT_RETURN_TYPE = YES_ERROR;
				GCC_WARN_UNDECLARED_SELECTOR = YES;
				GCC_WARN_UNINITIALIZED_AUTOS = YES_AGGRESSIVE;
				GCC_WARN_UNUSED_FUNCTION = YES;
				GCC_WARN_UNUSED_VARIABLE = YES;
				IPHONEOS_DEPLOYMENT_TARGET = 16.4;
				MTL_ENABLE_DEBUG_INFO = NO;
				MTL_FAST_MATH = YES;
				SDKROOT = iphoneos;
				SWIFT_COMPILATION_MODE = wholemodule;
				SWIFT_OPTIMIZATION_LEVEL = "-O";
				VALIDATE_PRODUCT = YES;
			};
			name = Release;
		};
		BD4B68C52A869EF00003F824 /* Debug */ = {
			isa = XCBuildConfiguration;
			buildSettings = {
				ASSETCATALOG_COMPILER_APPICON_NAME = AppIcon;
				ASSETCATALOG_COMPILER_GLOBAL_ACCENT_COLOR_NAME = AccentColor;
				CODE_SIGN_STYLE = Automatic;
				CURRENT_PROJECT_VERSION = 1;
				DEVELOPMENT_ASSET_PATHS = "\"questionsapp/Preview Content\"";
				ENABLE_PREVIEWS = YES;
				GENERATE_INFOPLIST_FILE = YES;
				INFOPLIST_KEY_UIApplicationSceneManifest_Generation = YES;
				INFOPLIST_KEY_UIApplicationSupportsIndirectInputEvents = YES;
				INFOPLIST_KEY_UILaunchScreen_Generation = YES;
				INFOPLIST_KEY_UISupportedInterfaceOrientations_iPad = "UIInterfaceOrientationPortrait UIInterfaceOrientationPortraitUpsideDown UIInterfaceOrientationLandscapeLeft UIInterfaceOrientationLandscapeRight";
				INFOPLIST_KEY_UISupportedInterfaceOrientations_iPhone = "UIInterfaceOrientationPortrait UIInterfaceOrientationLandscapeLeft UIInterfaceOrientationLandscapeRight";
				LD_RUNPATH_SEARCH_PATHS = (
					"$(inherited)",
					"@executable_path/Frameworks",
				);
				MARKETING_VERSION = 1.0;
				PRODUCT_BUNDLE_IDENTIFIER = KWK.questionsapp;
				PRODUCT_NAME = "$(TARGET_NAME)";
				SWIFT_EMIT_LOC_STRINGS = YES;
				SWIFT_VERSION = 5.0;
				TARGETED_DEVICE_FAMILY = "1,2";
			};
			name = Debug;
		};
		BD4B68C62A869EF00003F824 /* Release */ = {
			isa = XCBuildConfiguration;
			buildSettings = {
				ASSETCATALOG_COMPILER_APPICON_NAME = AppIcon;
				ASSETCATALOG_COMPILER_GLOBAL_ACCENT_COLOR_NAME = AccentColor;
				CODE_SIGN_STYLE = Automatic;
				CURRENT_PROJECT_VERSION = 1;
				DEVELOPMENT_ASSET_PATHS = "\"questionsapp/Preview Content\"";
				ENABLE_PREVIEWS = YES;
				GENERATE_INFOPLIST_FILE = YES;
				INFOPLIST_KEY_UIApplicationSceneManifest_Generation = YES;
				INFOPLIST_KEY_UIApplicationSupportsIndirectInputEvents = YES;
				INFOPLIST_KEY_UILaunchScreen_Generation = YES;
				INFOPLIST_KEY_UISupportedInterfaceOrientations_iPad = "UIInterfaceOrientationPortrait UIInterfaceOrientationPortraitUpsideDown UIInterfaceOrientationLandscapeLeft UIInterfaceOrientationLandscapeRight";
				INFOPLIST_KEY_UISupportedInterfaceOrientations_iPhone = "UIInterfaceOrientationPortrait UIInterfaceOrientationLandscapeLeft UIInterfaceOrientationLandscapeRight";
				LD_RUNPATH_SEARCH_PATHS = (
					"$(inherited)",
					"@executable_path/Frameworks",
				);
				MARKETING_VERSION = 1.0;
				PRODUCT_BUNDLE_IDENTIFIER = KWK.questionsapp;
				PRODUCT_NAME = "$(TARGET_NAME)";
				SWIFT_EMIT_LOC_STRINGS = YES;
				SWIFT_VERSION = 5.0;
				TARGETED_DEVICE_FAMILY = "1,2";
			};
			name = Release;
		};
		BD4B68C82A869EF00003F824 /* Debug */ = {
			isa = XCBuildConfiguration;
			buildSettings = {
				ALWAYS_EMBED_SWIFT_STANDARD_LIBRARIES = YES;
				BUNDLE_LOADER = "$(TEST_HOST)";
				CODE_SIGN_STYLE = Automatic;
				CURRENT_PROJECT_VERSION = 1;
				GENERATE_INFOPLIST_FILE = YES;
				IPHONEOS_DEPLOYMENT_TARGET = 16.4;
				MARKETING_VERSION = 1.0;
				PRODUCT_BUNDLE_IDENTIFIER = KWK.questionsappTests;
				PRODUCT_NAME = "$(TARGET_NAME)";
				SWIFT_EMIT_LOC_STRINGS = NO;
				SWIFT_VERSION = 5.0;
				TARGETED_DEVICE_FAMILY = "1,2";
				TEST_HOST = "$(BUILT_PRODUCTS_DIR)/questionsapp.app/$(BUNDLE_EXECUTABLE_FOLDER_PATH)/questionsapp";
			};
			name = Debug;
		};
		BD4B68C92A869EF00003F824 /* Release */ = {
			isa = XCBuildConfiguration;
			buildSettings = {
				ALWAYS_EMBED_SWIFT_STANDARD_LIBRARIES = YES;
				BUNDLE_LOADER = "$(TEST_HOST)";
				CODE_SIGN_STYLE = Automatic;
				CURRENT_PROJECT_VERSION = 1;
				GENERATE_INFOPLIST_FILE = YES;
				IPHONEOS_DEPLOYMENT_TARGET = 16.4;
				MARKETING_VERSION = 1.0;
				PRODUCT_BUNDLE_IDENTIFIER = KWK.questionsappTests;
				PRODUCT_NAME = "$(TARGET_NAME)";
				SWIFT_EMIT_LOC_STRINGS = NO;
				SWIFT_VERSION = 5.0;
				TARGETED_DEVICE_FAMILY = "1,2";
				TEST_HOST = "$(BUILT_PRODUCTS_DIR)/questionsapp.app/$(BUNDLE_EXECUTABLE_FOLDER_PATH)/questionsapp";
			};
			name = Release;
		};
		BD4B68CB2A869EF00003F824 /* Debug */ = {
			isa = XCBuildConfiguration;
			buildSettings = {
				ALWAYS_EMBED_SWIFT_STANDARD_LIBRARIES = YES;
				CODE_SIGN_STYLE = Automatic;
				CURRENT_PROJECT_VERSION = 1;
				GENERATE_INFOPLIST_FILE = YES;
				MARKETING_VERSION = 1.0;
				PRODUCT_BUNDLE_IDENTIFIER = KWK.questionsappUITests;
				PRODUCT_NAME = "$(TARGET_NAME)";
				SWIFT_EMIT_LOC_STRINGS = NO;
				SWIFT_VERSION = 5.0;
				TARGETED_DEVICE_FAMILY = "1,2";
				TEST_TARGET_NAME = questionsapp;
			};
			name = Debug;
		};
		BD4B68CC2A869EF00003F824 /* Release */ = {
			isa = XCBuildConfiguration;
			buildSettings = {
				ALWAYS_EMBED_SWIFT_STANDARD_LIBRARIES = YES;
				CODE_SIGN_STYLE = Automatic;
				CURRENT_PROJECT_VERSION = 1;
				GENERATE_INFOPLIST_FILE = YES;
				MARKETING_VERSION = 1.0;
				PRODUCT_BUNDLE_IDENTIFIER = KWK.questionsappUITests;
				PRODUCT_NAME = "$(TARGET_NAME)";
				SWIFT_EMIT_LOC_STRINGS = NO;
				SWIFT_VERSION = 5.0;
				TARGETED_DEVICE_FAMILY = "1,2";
				TEST_TARGET_NAME = questionsapp;
			};
			name = Release;
		};
/* End XCBuildConfiguration section */

/* Begin XCConfigurationList section */
		BD4B689B2A869EEE0003F824 /* Build configuration list for PBXProject "questionsapp" */ = {
			isa = XCConfigurationList;
			buildConfigurations = (
				BD4B68C22A869EF00003F824 /* Debug */,
				BD4B68C32A869EF00003F824 /* Release */,
			);
			defaultConfigurationIsVisible = 0;
			defaultConfigurationName = Release;
		};
		BD4B68C42A869EF00003F824 /* Build configuration list for PBXNativeTarget "questionsapp" */ = {
			isa = XCConfigurationList;
			buildConfigurations = (
				BD4B68C52A869EF00003F824 /* Debug */,
				BD4B68C62A869EF00003F824 /* Release */,
			);
			defaultConfigurationIsVisible = 0;
			defaultConfigurationName = Release;
		};
		BD4B68C72A869EF00003F824 /* Build configuration list for PBXNativeTarget "questionsappTests" */ = {
			isa = XCConfigurationList;
			buildConfigurations = (
				BD4B68C82A869EF00003F824 /* Debug */,
				BD4B68C92A869EF00003F824 /* Release */,
			);
			defaultConfigurationIsVisible = 0;
			defaultConfigurationName = Release;
		};
		BD4B68CA2A869EF00003F824 /* Build configuration list for PBXNativeTarget "questionsappUITests" */ = {
			isa = XCConfigurationList;
			buildConfigurations = (
				BD4B68CB2A869EF00003F824 /* Debug */,
				BD4B68CC2A869EF00003F824 /* Release */,
			);
			defaultConfigurationIsVisible = 0;
			defaultConfigurationName = Release;
		};
/* End XCConfigurationList section */
	};
	rootObject = BD4B68982A869EEE0003F824 /* Project object */;
}
